// !$*UTF8*$!
{
	archiveVersion = 1;
	classes = {
	};
	objectVersion = 46;
	objects = {

/* Begin PBXBuildFile section */
		6D194D161BF1CA0600762B48 /* KingLibrary.jpg in Resources */ = {isa = PBXBuildFile; fileRef = 6D194D151BF1CA0600762B48 /* KingLibrary.jpg */; settings = {ASSET_TAGS = (); }; };
		6D1F72B51BE702CF002925C1 /* AppDelegate.swift in Sources */ = {isa = PBXBuildFile; fileRef = 6D1F72B41BE702CF002925C1 /* AppDelegate.swift */; };
		6D1F72B71BE702CF002925C1 /* ViewController.swift in Sources */ = {isa = PBXBuildFile; fileRef = 6D1F72B61BE702CF002925C1 /* ViewController.swift */; };
		6D1F72BA1BE702CF002925C1 /* Main.storyboard in Resources */ = {isa = PBXBuildFile; fileRef = 6D1F72B81BE702CF002925C1 /* Main.storyboard */; };
		6D1F72BC1BE702CF002925C1 /* Assets.xcassets in Resources */ = {isa = PBXBuildFile; fileRef = 6D1F72BB1BE702CF002925C1 /* Assets.xcassets */; };
		6D1F72BF1BE702CF002925C1 /* LaunchScreen.storyboard in Resources */ = {isa = PBXBuildFile; fileRef = 6D1F72BD1BE702CF002925C1 /* LaunchScreen.storyboard */; };
		6D1F72CA1BE702CF002925C1 /* SJSU_MapTests.swift in Sources */ = {isa = PBXBuildFile; fileRef = 6D1F72C91BE702CF002925C1 /* SJSU_MapTests.swift */; };
		6D1F72D51BE702CF002925C1 /* SJSU_MapUITests.swift in Sources */ = {isa = PBXBuildFile; fileRef = 6D1F72D41BE702CF002925C1 /* SJSU_MapUITests.swift */; };
		6D1F72E71BEDB30A002925C1 /* EngBldgViewController.swift in Sources */ = {isa = PBXBuildFile; fileRef = 6D1F72E61BEDB30A002925C1 /* EngBldgViewController.swift */; settings = {ASSET_TAGS = (); }; };
		6D1F735D1BEDF15F002925C1 /* coe.jpg in Resources */ = {isa = PBXBuildFile; fileRef = 6D1F735C1BEDF15F002925C1 /* coe.jpg */; settings = {ASSET_TAGS = (); }; };
/* End PBXBuildFile section */

/* Begin PBXContainerItemProxy section */
		6D1F72C61BE702CF002925C1 /* PBXContainerItemProxy */ = {
			isa = PBXContainerItemProxy;
			containerPortal = 6D1F72A91BE702CF002925C1 /* Project object */;
			proxyType = 1;
			remoteGlobalIDString = 6D1F72B01BE702CF002925C1;
			remoteInfo = "SJSU Map";
		};
		6D1F72D11BE702CF002925C1 /* PBXContainerItemProxy */ = {
			isa = PBXContainerItemProxy;
			containerPortal = 6D1F72A91BE702CF002925C1 /* Project object */;
			proxyType = 1;
			remoteGlobalIDString = 6D1F72B01BE702CF002925C1;
			remoteInfo = "SJSU Map";
		};
/* End PBXContainerItemProxy section */

/* Begin PBXFileReference section */
		6D194D151BF1CA0600762B48 /* KingLibrary.jpg */ = {isa = PBXFileReference; lastKnownFileType = image.jpeg; path = KingLibrary.jpg; sourceTree = "<group>"; };
		6D1F72B11BE702CF002925C1 /* SJSU Map.app */ = {isa = PBXFileReference; explicitFileType = wrapper.application; includeInIndex = 0; path = "SJSU Map.app"; sourceTree = BUILT_PRODUCTS_DIR; };
		6D1F72B41BE702CF002925C1 /* AppDelegate.swift */ = {isa = PBXFileReference; lastKnownFileType = sourcecode.swift; path = AppDelegate.swift; sourceTree = "<group>"; };
		6D1F72B61BE702CF002925C1 /* ViewController.swift */ = {isa = PBXFileReference; lastKnownFileType = sourcecode.swift; path = ViewController.swift; sourceTree = "<group>"; };
		6D1F72B91BE702CF002925C1 /* Base */ = {isa = PBXFileReference; lastKnownFileType = file.storyboard; name = Base; path = Base.lproj/Main.storyboard; sourceTree = "<group>"; };
		6D1F72BB1BE702CF002925C1 /* Assets.xcassets */ = {isa = PBXFileReference; lastKnownFileType = folder.assetcatalog; path = Assets.xcassets; sourceTree = "<group>"; };
		6D1F72BE1BE702CF002925C1 /* Base */ = {isa = PBXFileReference; lastKnownFileType = file.storyboard; name = Base; path = Base.lproj/LaunchScreen.storyboard; sourceTree = "<group>"; };
		6D1F72C01BE702CF002925C1 /* Info.plist */ = {isa = PBXFileReference; lastKnownFileType = text.plist.xml; path = Info.plist; sourceTree = "<group>"; };
		6D1F72C51BE702CF002925C1 /* SJSU MapTests.xctest */ = {isa = PBXFileReference; explicitFileType = wrapper.cfbundle; includeInIndex = 0; path = "SJSU MapTests.xctest"; sourceTree = BUILT_PRODUCTS_DIR; };
		6D1F72C91BE702CF002925C1 /* SJSU_MapTests.swift */ = {isa = PBXFileReference; lastKnownFileType = sourcecode.swift; path = SJSU_MapTests.swift; sourceTree = "<group>"; };
		6D1F72CB1BE702CF002925C1 /* Info.plist */ = {isa = PBXFileReference; lastKnownFileType = text.plist.xml; path = Info.plist; sourceTree = "<group>"; };
		6D1F72D01BE702CF002925C1 /* SJSU MapUITests.xctest */ = {isa = PBXFileReference; explicitFileType = wrapper.cfbundle; includeInIndex = 0; path = "SJSU MapUITests.xctest"; sourceTree = BUILT_PRODUCTS_DIR; };
		6D1F72D41BE702CF002925C1 /* SJSU_MapUITests.swift */ = {isa = PBXFileReference; lastKnownFileType = sourcecode.swift; path = SJSU_MapUITests.swift; sourceTree = "<group>"; };
		6D1F72D61BE702CF002925C1 /* Info.plist */ = {isa = PBXFileReference; lastKnownFileType = text.plist.xml; path = Info.plist; sourceTree = "<group>"; };
		6D1F72E61BEDB30A002925C1 /* EngBldgViewController.swift */ = {isa = PBXFileReference; fileEncoding = 4; lastKnownFileType = sourcecode.swift; path = EngBldgViewController.swift; sourceTree = "<group>"; };
		6D1F735C1BEDF15F002925C1 /* coe.jpg */ = {isa = PBXFileReference; lastKnownFileType = image.jpeg; path = coe.jpg; sourceTree = "<group>"; };
/* End PBXFileReference section */

/* Begin PBXFrameworksBuildPhase section */
		6D1F72AE1BE702CF002925C1 /* Frameworks */ = {
			isa = PBXFrameworksBuildPhase;
			buildActionMask = 2147483647;
			files = (
			);
			runOnlyForDeploymentPostprocessing = 0;
		};
		6D1F72C21BE702CF002925C1 /* Frameworks */ = {
			isa = PBXFrameworksBuildPhase;
			buildActionMask = 2147483647;
			files = (
			);
			runOnlyForDeploymentPostprocessing = 0;
		};
		6D1F72CD1BE702CF002925C1 /* Frameworks */ = {
			isa = PBXFrameworksBuildPhase;
			buildActionMask = 2147483647;
			files = (
			);
			runOnlyForDeploymentPostprocessing = 0;
		};
/* End PBXFrameworksBuildPhase section */

/* Begin PBXGroup section */
		6D1F72A81BE702CF002925C1 = {
			isa = PBXGroup;
			children = (
				6D1F72B31BE702CF002925C1 /* SJSU Map */,
				6D1F72C81BE702CF002925C1 /* SJSU MapTests */,
				6D1F72D31BE702CF002925C1 /* SJSU MapUITests */,
				6D1F72B21BE702CF002925C1 /* Products */,
			);
			sourceTree = "<group>";
		};
		6D1F72B21BE702CF002925C1 /* Products */ = {
			isa = PBXGroup;
			children = (
				6D1F72B11BE702CF002925C1 /* SJSU Map.app */,
				6D1F72C51BE702CF002925C1 /* SJSU MapTests.xctest */,
				6D1F72D01BE702CF002925C1 /* SJSU MapUITests.xctest */,
			);
			name = Products;
			sourceTree = "<group>";
		};
		6D1F72B31BE702CF002925C1 /* SJSU Map */ = {
			isa = PBXGroup;
			children = (
				6D194D151BF1CA0600762B48 /* KingLibrary.jpg */,
				6D1F72B41BE702CF002925C1 /* AppDelegate.swift */,
				6D1F72B61BE702CF002925C1 /* ViewController.swift */,
				6D1F72B81BE702CF002925C1 /* Main.storyboard */,
				6D1F72BB1BE702CF002925C1 /* Assets.xcassets */,
				6D1F735C1BEDF15F002925C1 /* coe.jpg */,
				6D1F72BD1BE702CF002925C1 /* LaunchScreen.storyboard */,
				6D1F72C01BE702CF002925C1 /* Info.plist */,
				6D1F72E61BEDB30A002925C1 /* EngBldgViewController.swift */,
			);
			path = "SJSU Map";
			sourceTree = "<group>";
		};
		6D1F72C81BE702CF002925C1 /* SJSU MapTests */ = {
			isa = PBXGroup;
			children = (
				6D1F72C91BE702CF002925C1 /* SJSU_MapTests.swift */,
				6D1F72CB1BE702CF002925C1 /* Info.plist */,
			);
			path = "SJSU MapTests";
			sourceTree = "<group>";
		};
		6D1F72D31BE702CF002925C1 /* SJSU MapUITests */ = {
			isa = PBXGroup;
			children = (
				6D1F72D41BE702CF002925C1 /* SJSU_MapUITests.swift */,
				6D1F72D61BE702CF002925C1 /* Info.plist */,
			);
			path = "SJSU MapUITests";
			sourceTree = "<group>";
		};
/* End PBXGroup section */

/* Begin PBXNativeTarget section */
		6D1F72B01BE702CF002925C1 /* SJSU Map */ = {
			isa = PBXNativeTarget;
			buildConfigurationList = 6D1F72D91BE702CF002925C1 /* Build configuration list for PBXNativeTarget "SJSU Map" */;
			buildPhases = (
				6D1F72AD1BE702CF002925C1 /* Sources */,
				6D1F72AE1BE702CF002925C1 /* Frameworks */,
				6D1F72AF1BE702CF002925C1 /* Resources */,
			);
			buildRules = (
			);
			dependencies = (
			);
			name = "SJSU Map";
			productName = "SJSU Map";
			productReference = 6D1F72B11BE702CF002925C1 /* SJSU Map.app */;
			productType = "com.apple.product-type.application";
		};
		6D1F72C41BE702CF002925C1 /* SJSU MapTests */ = {
			isa = PBXNativeTarget;
			buildConfigurationList = 6D1F72DC1BE702CF002925C1 /* Build configuration list for PBXNativeTarget "SJSU MapTests" */;
			buildPhases = (
				6D1F72C11BE702CF002925C1 /* Sources */,
				6D1F72C21BE702CF002925C1 /* Frameworks */,
				6D1F72C31BE702CF002925C1 /* Resources */,
			);
			buildRules = (
			);
			dependencies = (
				6D1F72C71BE702CF002925C1 /* PBXTargetDependency */,
			);
			name = "SJSU MapTests";
			productName = "SJSU MapTests";
			productReference = 6D1F72C51BE702CF002925C1 /* SJSU MapTests.xctest */;
			productType = "com.apple.product-type.bundle.unit-test";
		};
		6D1F72CF1BE702CF002925C1 /* SJSU MapUITests */ = {
			isa = PBXNativeTarget;
			buildConfigurationList = 6D1F72DF1BE702CF002925C1 /* Build configuration list for PBXNativeTarget "SJSU MapUITests" */;
			buildPhases = (
				6D1F72CC1BE702CF002925C1 /* Sources */,
				6D1F72CD1BE702CF002925C1 /* Frameworks */,
				6D1F72CE1BE702CF002925C1 /* Resources */,
			);
			buildRules = (
			);
			dependencies = (
				6D1F72D21BE702CF002925C1 /* PBXTargetDependency */,
			);
			name = "SJSU MapUITests";
			productName = "SJSU MapUITests";
			productReference = 6D1F72D01BE702CF002925C1 /* SJSU MapUITests.xctest */;
			productType = "com.apple.product-type.bundle.ui-testing";
		};
/* End PBXNativeTarget section */

/* Begin PBXProject section */
		6D1F72A91BE702CF002925C1 /* Project object */ = {
			isa = PBXProject;
			attributes = {
				LastUpgradeCheck = 0700;
				ORGANIZATIONNAME = "Chen, David";
				TargetAttributes = {
					6D1F72B01BE702CF002925C1 = {
						CreatedOnToolsVersion = 7.0;
						DevelopmentTeam = 4HBLY2542Z;
					};
					6D1F72C41BE702CF002925C1 = {
						CreatedOnToolsVersion = 7.0;
						DevelopmentTeam = 4HBLY2542Z;
						TestTargetID = 6D1F72B01BE702CF002925C1;
					};
					6D1F72CF1BE702CF002925C1 = {
						CreatedOnToolsVersion = 7.0;
						DevelopmentTeam = 4HBLY2542Z;
						TestTargetID = 6D1F72B01BE702CF002925C1;
					};
				};
			};
			buildConfigurationList = 6D1F72AC1BE702CF002925C1 /* Build configuration list for PBXProject "SJSU Map" */;
			compatibilityVersion = "Xcode 3.2";
			developmentRegion = English;
			hasScannedForEncodings = 0;
			knownRegions = (
				en,
				Base,
			);
			mainGroup = 6D1F72A81BE702CF002925C1;
			productRefGroup = 6D1F72B21BE702CF002925C1 /* Products */;
			projectDirPath = "";
			projectRoot = "";
			targets = (
				6D1F72B01BE702CF002925C1 /* SJSU Map */,
				6D1F72C41BE702CF002925C1 /* SJSU MapTests */,
				6D1F72CF1BE702CF002925C1 /* SJSU MapUITests */,
			);
		};
/* End PBXProject section */

/* Begin PBXResourcesBuildPhase section */
		6D1F72AF1BE702CF002925C1 /* Resources */ = {
			isa = PBXResourcesBuildPhase;
			buildActionMask = 2147483647;
			files = (
				6D1F72BF1BE702CF002925C1 /* LaunchScreen.storyboard in Resources */,
				6D1F735D1BEDF15F002925C1 /* coe.jpg in Resources */,
				6D194D161BF1CA0600762B48 /* KingLibrary.jpg in Resources */,
				6D1F72BC1BE702CF002925C1 /* Assets.xcassets in Resources */,
				6D1F72BA1BE702CF002925C1 /* Main.storyboard in Resources */,
			);
			runOnlyForDeploymentPostprocessing = 0;
		};
		6D1F72C31BE702CF002925C1 /* Resources */ = {
			isa = PBXResourcesBuildPhase;
			buildActionMask = 2147483647;
			files = (
			);
			runOnlyForDeploymentPostprocessing = 0;
		};
		6D1F72CE1BE702CF002925C1 /* Resources */ = {
			isa = PBXResourcesBuildPhase;
			buildActionMask = 2147483647;
			files = (
			);
			runOnlyForDeploymentPostprocessing = 0;
		};
/* End PBXResourcesBuildPhase section */

/* Begin PBXSourcesBuildPhase section */
		6D1F72AD1BE702CF002925C1 /* Sources */ = {
			isa = PBXSourcesBuildPhase;
			buildActionMask = 2147483647;
			files = (
				6D1F72E71BEDB30A002925C1 /* EngBldgViewController.swift in Sources */,
				6D1F72B71BE702CF002925C1 /* ViewController.swift in Sources */,
				6D1F72B51BE702CF002925C1 /* AppDelegate.swift in Sources */,
			);
			runOnlyForDeploymentPostprocessing = 0;
		};
		6D1F72C11BE702CF002925C1 /* Sources */ = {
			isa = PBXSourcesBuildPhase;
			buildActionMask = 2147483647;
			files = (
				6D1F72CA1BE702CF002925C1 /* SJSU_MapTests.swift in Sources */,
			);
			runOnlyForDeploymentPostprocessing = 0;
		};
		6D1F72CC1BE702CF002925C1 /* Sources */ = {
			isa = PBXSourcesBuildPhase;
			buildActionMask = 2147483647;
			files = (
				6D1F72D51BE702CF002925C1 /* SJSU_MapUITests.swift in Sources */,
			);
			runOnlyForDeploymentPostprocessing = 0;
		};
/* End PBXSourcesBuildPhase section */

/* Begin PBXTargetDependency section */
		6D1F72C71BE702CF002925C1 /* PBXTargetDependency */ = {
			isa = PBXTargetDependency;
			target = 6D1F72B01BE702CF002925C1 /* SJSU Map */;
			targetProxy = 6D1F72C61BE702CF002925C1 /* PBXContainerItemProxy */;
		};
		6D1F72D21BE702CF002925C1 /* PBXTargetDependency */ = {
			isa = PBXTargetDependency;
			target = 6D1F72B01BE702CF002925C1 /* SJSU Map */;
			targetProxy = 6D1F72D11BE702CF002925C1 /* PBXContainerItemProxy */;
		};
/* End PBXTargetDependency section */

/* Begin PBXVariantGroup section */
		6D1F72B81BE702CF002925C1 /* Main.storyboard */ = {
			isa = PBXVariantGroup;
			children = (
				6D1F72B91BE702CF002925C1 /* Base */,
			);
			name = Main.storyboard;
			sourceTree = "<group>";
		};
		6D1F72BD1BE702CF002925C1 /* LaunchScreen.storyboard */ = {
			isa = PBXVariantGroup;
			children = (
				6D1F72BE1BE702CF002925C1 /* Base */,
			);
			name = LaunchScreen.storyboard;
			sourceTree = "<group>";
		};
/* End PBXVariantGroup section */

/* Begin XCBuildConfiguration section */
		6D1F72D71BE702CF002925C1 /* Debug */ = {
			isa = XCBuildConfiguration;
			buildSettings = {
				ALWAYS_SEARCH_USER_PATHS = NO;
				CLANG_CXX_LANGUAGE_STANDARD = "gnu++0x";
				CLANG_CXX_LIBRARY = "libc++";
				CLANG_ENABLE_MODULES = YES;
				CLANG_ENABLE_OBJC_ARC = YES;
				CLANG_WARN_BOOL_CONVERSION = YES;
				CLANG_WARN_CONSTANT_CONVERSION = YES;
				CLANG_WARN_DIRECT_OBJC_ISA_USAGE = YES_ERROR;
				CLANG_WARN_EMPTY_BODY = YES;
				CLANG_WARN_ENUM_CONVERSION = YES;
				CLANG_WARN_INT_CONVERSION = YES;
				CLANG_WARN_OBJC_ROOT_CLASS = YES_ERROR;
				CLANG_WARN_UNREACHABLE_CODE = YES;
				CLANG_WARN__DUPLICATE_METHOD_MATCH = YES;
				"CODE_SIGN_IDENTITY[sdk=iphoneos*]" = "iPhone Developer";
				COPY_PHASE_STRIP = NO;
				DEBUG_INFORMATION_FORMAT = dwarf;
				ENABLE_STRICT_OBJC_MSGSEND = YES;
				ENABLE_TESTABILITY = YES;
				GCC_C_LANGUAGE_STANDARD = gnu99;
				GCC_DYNAMIC_NO_PIC = NO;
				GCC_NO_COMMON_BLOCKS = YES;
				GCC_OPTIMIZATION_LEVEL = 0;
				GCC_PREPROCESSOR_DEFINITIONS = (
					"DEBUG=1",
					"$(inherited)",
				);
				GCC_WARN_64_TO_32_BIT_CONVERSION = YES;
				GCC_WARN_ABOUT_RETURN_TYPE = YES_ERROR;
				GCC_WARN_UNDECLARED_SELECTOR = YES;
				GCC_WARN_UNINITIALIZED_AUTOS = YES_AGGRESSIVE;
				GCC_WARN_UNUSED_FUNCTION = YES;
				GCC_WARN_UNUSED_VARIABLE = YES;
				IPHONEOS_DEPLOYMENT_TARGET = 7.0;
				MTL_ENABLE_DEBUG_INFO = YES;
				ONLY_ACTIVE_ARCH = YES;
				SDKROOT = iphoneos;
				SWIFT_OPTIMIZATION_LEVEL = "-Onone";
			};
			name = Debug;
		};
		6D1F72D81BE702CF002925C1 /* Release */ = {
			isa = XCBuildConfiguration;
			buildSettings = {
				ALWAYS_SEARCH_USER_PATHS = NO;
				CLANG_CXX_LANGUAGE_STANDARD = "gnu++0x";
				CLANG_CXX_LIBRARY = "libc++";
				CLANG_ENABLE_MODULES = YES;
				CLANG_ENABLE_OBJC_ARC = YES;
				CLANG_WARN_BOOL_CONVERSION = YES;
				CLANG_WARN_CONSTANT_CONVERSION = YES;
				CLANG_WARN_DIRECT_OBJC_ISA_USAGE = YES_ERROR;
				CLANG_WARN_EMPTY_BODY = YES;
				CLANG_WARN_ENUM_CONVERSION = YES;
				CLANG_WARN_INT_CONVERSION = YES;
				CLANG_WARN_OBJC_ROOT_CLASS = YES_ERROR;
				CLANG_WARN_UNREACHABLE_CODE = YES;
				CLANG_WARN__DUPLICATE_METHOD_MATCH = YES;
				"CODE_SIGN_IDENTITY[sdk=iphoneos*]" = "iPhone Developer";
				COPY_PHASE_STRIP = NO;
				DEBUG_INFORMATION_FORMAT = "dwarf-with-dsym";
				ENABLE_NS_ASSERTIONS = NO;
				ENABLE_STRICT_OBJC_MSGSEND = YES;
				GCC_C_LANGUAGE_STANDARD = gnu99;
				GCC_NO_COMMON_BLOCKS = YES;
				GCC_WARN_64_TO_32_BIT_CONVERSION = YES;
				GCC_WARN_ABOUT_RETURN_TYPE = YES_ERROR;
				GCC_WARN_UNDECLARED_SELECTOR = YES;
				GCC_WARN_UNINITIALIZED_AUTOS = YES_AGGRESSIVE;
				GCC_WARN_UNUSED_FUNCTION = YES;
				GCC_WARN_UNUSED_VARIABLE = YES;
				IPHONEOS_DEPLOYMENT_TARGET = 7.0;
				MTL_ENABLE_DEBUG_INFO = NO;
				SDKROOT = iphoneos;
				VALIDATE_PRODUCT = YES;
			};
			name = Release;
		};
		6D1F72DA1BE702CF002925C1 /* Debug */ = {
			isa = XCBuildConfiguration;
			buildSettings = {
				ASSETCATALOG_COMPILER_APPICON_NAME = AppIcon;
				CODE_SIGN_IDENTITY = "iPhone Developer";
				INFOPLIST_FILE = "SJSU Map/Info.plist";
				IPHONEOS_DEPLOYMENT_TARGET = 8.0;
				LD_RUNPATH_SEARCH_PATHS = "$(inherited) @executable_path/Frameworks";
				PRODUCT_BUNDLE_IDENTIFIER = "CMPE277.SJSU-Map";
				PRODUCT_NAME = "$(TARGET_NAME)";
			};
			name = Debug;
		};
		6D1F72DB1BE702CF002925C1 /* Release */ = {
			isa = XCBuildConfiguration;
			buildSettings = {
				ASSETCATALOG_COMPILER_APPICON_NAME = AppIcon;
				CODE_SIGN_IDENTITY = "iPhone Developer";
				INFOPLIST_FILE = "SJSU Map/Info.plist";
				IPHONEOS_DEPLOYMENT_TARGET = 8.0;
				LD_RUNPATH_SEARCH_PATHS = "$(inherited) @executable_path/Frameworks";
				PRODUCT_BUNDLE_IDENTIFIER = "CMPE277.SJSU-Map";
				PRODUCT_NAME = "$(TARGET_NAME)";
			};
			name = Release;
		};
		6D1F72DD1BE702CF002925C1 /* Debug */ = {
			isa = XCBuildConfiguration;
			buildSettings = {
				BUNDLE_LOADER = "$(TEST_HOST)";
				INFOPLIST_FILE = "SJSU MapTests/Info.plist";
				LD_RUNPATH_SEARCH_PATHS = "$(inherited) @executable_path/Frameworks @loader_path/Frameworks";
				PRODUCT_BUNDLE_IDENTIFIER = "CMPE277.SJSU-MapTests";
				PRODUCT_NAME = "$(TARGET_NAME)";
				TEST_HOST = "$(BUILT_PRODUCTS_DIR)/SJSU Map.app/SJSU Map";
			};
			name = Debug;
		};
		6D1F72DE1BE702CF002925C1 /* Release */ = {
			isa = XCBuildConfiguration;
			buildSettings = {
				BUNDLE_LOADER = "$(TEST_HOST)";
				INFOPLIST_FILE = "SJSU MapTests/Info.plist";
				LD_RUNPATH_SEARCH_PATHS = "$(inherited) @executable_path/Frameworks @loader_path/Frameworks";
				PRODUCT_BUNDLE_IDENTIFIER = "CMPE277.SJSU-MapTests";
				PRODUCT_NAME = "$(TARGET_NAME)";
				TEST_HOST = "$(BUILT_PRODUCTS_DIR)/SJSU Map.app/SJSU Map";
			};
			name = Release;
		};
		6D1F72E01BE702CF002925C1 /* Debug */ = {
			isa = XCBuildConfiguration;
			buildSettings = {
				INFOPLIST_FILE = "SJSU MapUITests/Info.plist";
				LD_RUNPATH_SEARCH_PATHS = "$(inherited) @executable_path/Frameworks @loader_path/Frameworks";
				PRODUCT_BUNDLE_IDENTIFIER = "CMPE277.SJSU-MapUITests";
				PRODUCT_NAME = "$(TARGET_NAME)";
				TEST_TARGET_NAME = "SJSU Map";
				USES_XCTRUNNER = YES;
			};
			name = Debug;
		};
		6D1F72E11BE702CF002925C1 /* Release */ = {
			isa = XCBuildConfiguration;
			buildSettings = {
				INFOPLIST_FILE = "SJSU MapUITests/Info.plist";
				LD_RUNPATH_SEARCH_PATHS = "$(inherited) @executable_path/Frameworks @loader_path/Frameworks";
				PRODUCT_BUNDLE_IDENTIFIER = "CMPE277.SJSU-MapUITests";
				PRODUCT_NAME = "$(TARGET_NAME)";
				TEST_TARGET_NAME = "SJSU Map";
				USES_XCTRUNNER = YES;
			};
			name = Release;
		};
/* End XCBuildConfiguration section */

/* Begin XCConfigurationList section */
		6D1F72AC1BE702CF002925C1 /* Build configuration list for PBXProject "SJSU Map" */ = {
			isa = XCConfigurationList;
			buildConfigurations = (
				6D1F72D71BE702CF002925C1 /* Debug */,
				6D1F72D81BE702CF002925C1 /* Release */,
			);
			defaultConfigurationIsVisible = 0;
			defaultConfigurationName = Release;
		};
		6D1F72D91BE702CF002925C1 /* Build configuration list for PBXNativeTarget "SJSU Map" */ = {
			isa = XCConfigurationList;
			buildConfigurations = (
				6D1F72DA1BE702CF002925C1 /* Debug */,
				6D1F72DB1BE702CF002925C1 /* Release */,
			);
			defaultConfigurationIsVisible = 0;
			defaultConfigurationName = Release;
		};
		6D1F72DC1BE702CF002925C1 /* Build configuration list for PBXNativeTarget "SJSU MapTests" */ = {
			isa = XCConfigurationList;
			buildConfigurations = (
				6D1F72DD1BE702CF002925C1 /* Debug */,
				6D1F72DE1BE702CF002925C1 /* Release */,
			);
			defaultConfigurationIsVisible = 0;
			defaultConfigurationName = Release;
		};
		6D1F72DF1BE702CF002925C1 /* Build configuration list for PBXNativeTarget "SJSU MapUITests" */ = {
			isa = XCConfigurationList;
			buildConfigurations = (
				6D1F72E01BE702CF002925C1 /* Debug */,
				6D1F72E11BE702CF002925C1 /* Release */,
			);
			defaultConfigurationIsVisible = 0;
			defaultConfigurationName = Release;
		};
/* End XCConfigurationList section */
	};
	rootObject = 6D1F72A91BE702CF002925C1 /* Project object */;
}
